
Microsoft Visual Studio Solution File, Format Version 12.00
# Visual Studio Version 17
VisualStudioVersion = 17.7.34024.191
MinimumVisualStudioVersion = 10.0.40219.1
Project("{FAE04EC0-301F-11D3-BF4B-00C04F79EFBC}") = "Service", "Service\Service.csproj", "{FD6FB7C0-CE83-4F8F-A3CA-2092B451E7EC}"
EndProject
Project("{FAE04EC0-301F-11D3-BF4B-00C04F79EFBC}") = "WebApi", "WebApi\WebApi.csproj", "{7F3C9930-9D81-48F1-A56D-1D043CA61174}"
EndProject
Global
	GlobalSection(SolutionConfigurationPlatforms) = preSolution
		Debug|Any CPU = Debug|Any CPU
		Release|Any CPU = Release|Any CPU
	EndGlobalSection
	GlobalSection(ProjectConfigurationPlatforms) = postSolution
		{FD6FB7C0-CE83-4F8F-A3CA-2092B451E7EC}.Debug|Any CPU.ActiveCfg = Debug|Any CPU
		{FD6FB7C0-CE83-4F8F-A3CA-2092B451E7EC}.Debug|Any CPU.Build.0 = Debug|Any CPU
		{FD6FB7C0-CE83-4F8F-A3CA-2092B451E7EC}.Release|Any CPU.ActiveCfg = Release|Any CPU
		{FD6FB7C0-CE83-4F8F-A3CA-2092B451E7EC}.Release|Any CPU.Build.0 = Release|Any CPU
		{7F3C9930-9D81-48F1-A56D-1D043CA61174}.Debug|Any CPU.ActiveCfg = Debug|Any CPU
		{7F3C9930-9D81-48F1-A56D-1D043CA61174}.Debug|Any CPU.Build.0 = Debug|Any CPU
		{7F3C9930-9D81-48F1-A56D-1D043CA61174}.Release|Any CPU.ActiveCfg = Release|Any CPU
		{7F3C9930-9D81-48F1-A56D-1D043CA61174}.Release|Any CPU.Build.0 = Release|Any CPU
	EndGlobalSection
	GlobalSection(SolutionProperties) = preSolution
		HideSolutionNode = FALSE
	EndGlobalSection
	GlobalSection(ExtensibilityGlobals) = postSolution
		SolutionGuid = {D8D8BD8D-F94B-4472-A201-0A9897F5D6E6}
	EndGlobalSection
EndGlobal
